{
  "name": "homelab",
  "version": "1.0.0",
  "lockfileVersion": 3,
  "requires": true,
  "packages": {
    "": {
      "name": "homelab",
      "version": "1.0.0",
      "license": "ISC",
      "devDependencies": {
        "@varlock/proton-pass-plugin": "^1.0.0",
        "varlock": "^1.3.0"
      }
    },
    "node_modules/@varlock/proton-pass-plugin": {
      "version": "1.0.2",
      "resolved": "https://registry.npmjs.org/@varlock/proton-pass-plugin/-/proton-pass-plugin-1.0.2.tgz",
      "integrity": "sha512-N0Y1DFEKd6/hvK0iRejqPuozN3suUZ+hcYJAn7pvILTH4bVKxrW3FqTTtQRsmQ776S5Sqh79k33v8ANu4z85FA==",
      "dev": true,
      "license": "MIT",
      "engines": {
        "node": ">=22"
      },
      "peerDependencies": {
        "varlock": "^1.6.0"
      }
    },
    "node_modules/varlock": {
      "version": "1.6.0",
      "resolved": "https://registry.npmjs.org/varlock/-/varlock-1.6.0.tgz",
      "integrity": "sha512-kYdStpZnuETvtO/XsW/njQ5WMkgI81X2WMlUKLLBF2m4dVcM+avy/DUd4YXqvuiwRK/ztb6pDRFFTUflkSZjxw==",
      "dev": true,
      "license": "MIT",
      "bin": {
        "varlock": "bin/cli.js"
      },
      "engines": {
        "bun": ">=1.3.3",
        "node": ">=22"
      }
    }
  }
}
